// !$*UTF8*$!
{
	archiveVersion = 1;
	classes = {
	};
	objectVersion = 55;
	objects = {

/* Begin PBXBuildFile section */
		84EAD48A28CF94AA001ACDB1 /* AppDelegate.swift in Sources */ = {isa = PBXBuildFile; fileRef = 84EAD48928CF94AA001ACDB1 /* AppDelegate.swift */; };
		84EAD48C28CF94AA001ACDB1 /* SceneDelegate.swift in Sources */ = {isa = PBXBuildFile; fileRef = 84EAD48B28CF94AA001ACDB1 /* SceneDelegate.swift */; };
		84EAD48E28CF94AA001ACDB1 /* ViewController.swift in Sources */ = {isa = PBXBuildFile; fileRef = 84EAD48D28CF94AA001ACDB1 /* ViewController.swift */; };
		84EAD49128CF94AA001ACDB1 /* Main.storyboard in Resources */ = {isa = PBXBuildFile; fileRef = 84EAD48F28CF94AA001ACDB1 /* Main.storyboard */; };
		84EAD49328CF94AC001ACDB1 /* Assets.xcassets in Resources */ = {isa = PBXBuildFile; fileRef = 84EAD49228CF94AC001ACDB1 /* Assets.xcassets */; };
		84EAD49628CF94AC001ACDB1 /* LaunchScreen.storyboard in Resources */ = {isa = PBXBuildFile; fileRef = 84EAD49428CF94AC001ACDB1 /* LaunchScreen.storyboard */; };
		84EAD49E28CFBCED001ACDB1 /* MyImageClassifier 1.mlmodel in Sources */ = {isa = PBXBuildFile; fileRef = 84EAD49D28CFBCED001ACDB1 /* MyImageClassifier 1.mlmodel */; };
/* End PBXBuildFile section */

/* Begin PBXFileReference section */
		84EAD48628CF94AA001ACDB1 /* animals.app */ = {isa = PBXFileReference; explicitFileType = wrapper.application; includeInIndex = 0; path = animals.app; sourceTree = BUILT_PRODUCTS_DIR; };
		84EAD48928CF94AA001ACDB1 /* AppDelegate.swift */ = {isa = PBXFileReference; lastKnownFileType = sourcecode.swift; path = AppDelegate.swift; sourceTree = "<group>"; };
		84EAD48B28CF94AA001ACDB1 /* SceneDelegate.swift */ = {isa = PBXFileReference; lastKnownFileType = sourcecode.swift; path = SceneDelegate.swift; sourceTree = "<group>"; };
		84EAD48D28CF94AA001ACDB1 /* ViewController.swift */ = {isa = PBXFileReference; lastKnownFileType = sourcecode.swift; path = ViewController.swift; sourceTree = "<group>"; };
		84EAD49028CF94AA001ACDB1 /* Base */ = {isa = PBXFileReference; lastKnownFileType = file.storyboard; name = Base; path = Base.lproj/Main.storyboard; sourceTree = "<group>"; };
		84EAD49228CF94AC001ACDB1 /* Assets.xcassets */ = {isa = PBXFileReference; lastKnownFileType = folder.assetcatalog; path = Assets.xcassets; sourceTree = "<group>"; };
		84EAD49528CF94AC001ACDB1 /* Base */ = {isa = PBXFileReference; lastKnownFileType = file.storyboard; name = Base; path = Base.lproj/LaunchScreen.storyboard; sourceTree = "<group>"; };
		84EAD49728CF94AC001ACDB1 /* Info.plist */ = {isa = PBXFileReference; lastKnownFileType = text.plist.xml; path = Info.plist; sourceTree = "<group>"; };
		84EAD49D28CFBCED001ACDB1 /* MyImageClassifier 1.mlmodel */ = {isa = PBXFileReference; lastKnownFileType = file.mlmodel; path = "MyImageClassifier 1.mlmodel"; sourceTree = "<group>"; };
/* End PBXFileReference section */

/* Begin PBXFrameworksBuildPhase section */
		84EAD48328CF94AA001ACDB1 /* Frameworks */ = {
			isa = PBXFrameworksBuildPhase;
			buildActionMask = 2147483647;
			files = (
			);
			runOnlyForDeploymentPostprocessing = 0;
		};
/* End PBXFrameworksBuildPhase section */

/* Begin PBXGroup section */
		84EAD47D28CF94AA001ACDB1 = {
			isa = PBXGroup;
			children = (
				84EAD48828CF94AA001ACDB1 /* animals */,
				84EAD48728CF94AA001ACDB1 /* Products */,
			);
			sourceTree = "<group>";
		};
		84EAD48728CF94AA001ACDB1 /* Products */ = {
			isa = PBXGroup;
			children = (
				84EAD48628CF94AA001ACDB1 /* animals.app */,
			);
			name = Products;
			sourceTree = "<group>";
		};
		84EAD48828CF94AA001ACDB1 /* animals */ = {
			isa = PBXGroup;
			children = (
				84EAD48928CF94AA001ACDB1 /* AppDelegate.swift */,
				84EAD48B28CF94AA001ACDB1 /* SceneDelegate.swift */,
				84EAD48D28CF94AA001ACDB1 /* ViewController.swift */,
				84EAD48F28CF94AA001ACDB1 /* Main.storyboard */,
				84EAD49D28CFBCED001ACDB1 /* MyImageClassifier 1.mlmodel */,
				84EAD49228CF94AC001ACDB1 /* Assets.xcassets */,
				84EAD49428CF94AC001ACDB1 /* LaunchScreen.storyboard */,
				84EAD49728CF94AC001ACDB1 /* Info.plist */,
			);
			path = animals;
			sourceTree = "<group>";
		};
/* End PBXGroup section */

/* Begin PBXNativeTarget section */
		84EAD48528CF94AA001ACDB1 /* animals */ = {
			isa = PBXNativeTarget;
			buildConfigurationList = 84EAD49A28CF94AC001ACDB1 /* Build configuration list for PBXNativeTarget "animals" */;
			buildPhases = (
				84EAD48228CF94AA001ACDB1 /* Sources */,
				84EAD48328CF94AA001ACDB1 /* Frameworks */,
				84EAD48428CF94AA001ACDB1 /* Resources */,
			);
			buildRules = (
			);
			dependencies = (
			);
			name = animals;
			productName = animals;
			productReference = 84EAD48628CF94AA001ACDB1 /* animals.app */;
			productType = "com.apple.product-type.application";
		};
/* End PBXNativeTarget section */

/* Begin PBXProject section */
		84EAD47E28CF94AA001ACDB1 /* Project object */ = {
			isa = PBXProject;
			attributes = {
				BuildIndependentTargetsInParallel = 1;
				LastSwiftUpdateCheck = 1340;
				LastUpgradeCheck = 1340;
				TargetAttributes = {
					84EAD48528CF94AA001ACDB1 = {
						CreatedOnToolsVersion = 13.4.1;
					};
				};
			};
			buildConfigurationList = 84EAD48128CF94AA001ACDB1 /* Build configuration list for PBXProject "animals" */;
			compatibilityVersion = "Xcode 13.0";
			developmentRegion = en;
			hasScannedForEncodings = 0;
			knownRegions = (
				en,
				Base,
			);
			mainGroup = 84EAD47D28CF94AA001ACDB1;
			productRefGroup = 84EAD48728CF94AA001ACDB1 /* Products */;
			projectDirPath = "";
			projectRoot = "";
			targets = (
				84EAD48528CF94AA001ACDB1 /* animals */,
			);
		};
/* End PBXProject section */

/* Begin PBXResourcesBuildPhase section */
		84EAD48428CF94AA001ACDB1 /* Resources */ = {
			isa = PBXResourcesBuildPhase;
			buildActionMask = 2147483647;
			files = (
				84EAD49628CF94AC001ACDB1 /* LaunchScreen.storyboard in Resources */,
				84EAD49328CF94AC001ACDB1 /* Assets.xcassets in Resources */,
				84EAD49128CF94AA001ACDB1 /* Main.storyboard in Resources */,
			);
			runOnlyForDeploymentPostprocessing = 0;
		};
/* End PBXResourcesBuildPhase section */

/* Begin PBXSourcesBuildPhase section */
		84EAD48228CF94AA001ACDB1 /* Sources */ = {
			isa = PBXSourcesBuildPhase;
			buildActionMask = 2147483647;
			files = (
				84EAD48E28CF94AA001ACDB1 /* ViewController.swift in Sources */,
				84EAD48A28CF94AA001ACDB1 /* AppDelegate.swift in Sources */,
				84EAD49E28CFBCED001ACDB1 /* MyImageClassifier 1.mlmodel in Sources */,
				84EAD48C28CF94AA001ACDB1 /* SceneDelegate.swift in Sources */,
			);
			runOnlyForDeploymentPostprocessing = 0;
		};
/* End PBXSourcesBuildPhase section */

/* Begin PBXVariantGroup section */
		84EAD48F28CF94AA001ACDB1 /* Main.storyboard */ = {
			isa = PBXVariantGroup;
			children = (
				84EAD49028CF94AA001ACDB1 /* Base */,
			);
			name = Main.storyboard;
			sourceTree = "<group>";
		};
		84EAD49428CF94AC001ACDB1 /* LaunchScreen.storyboard */ = {
			isa = PBXVariantGroup;
			children = (
				84EAD49528CF94AC001ACDB1 /* Base */,
			);
			name = LaunchScreen.storyboard;
			sourceTree = "<group>";
		};
/* End PBXVariantGroup section */

/* Begin XCBuildConfiguration section */
		84EAD49828CF94AC001ACDB1 /* Debug */ = {
			isa = XCBuildConfiguration;
			buildSettings = {
				ALWAYS_SEARCH_USER_PATHS = NO;
				CLANG_ANALYZER_NONNULL = YES;
				CLANG_ANALYZER_NUMBER_OBJECT_CONVERSION = YES_AGGRESSIVE;
				CLANG_CXX_LANGUAGE_STANDARD = "gnu++17";
				CLANG_ENABLE_MODULES = YES;
				CLANG_ENABLE_OBJC_ARC = YES;
				CLANG_ENABLE_OBJC_WEAK = YES;
				CLANG_WARN_BLOCK_CAPTURE_AUTORELEASING = YES;
				CLANG_WARN_BOOL_CONVERSION = YES;
				CLANG_WARN_COMMA = YES;
				CLANG_WARN_CONSTANT_CONVERSION = YES;
				CLANG_WARN_DEPRECATED_OBJC_IMPLEMENTATIONS = YES;
				CLANG_WARN_DIRECT_OBJC_ISA_USAGE = YES_ERROR;
				CLANG_WARN_DOCUMENTATION_COMMENTS = YES;
				CLANG_WARN_EMPTY_BODY = YES;
				CLANG_WARN_ENUM_CONVERSION = YES;
				CLANG_WARN_INFINITE_RECURSION = YES;
				CLANG_WARN_INT_CONVERSION = YES;
				CLANG_WARN_NON_LITERAL_NULL_CONVERSION = YES;
				CLANG_WARN_OBJC_IMPLICIT_RETAIN_SELF = YES;
				CLANG_WARN_OBJC_LITERAL_CONVERSION = YES;
				CLANG_WARN_OBJC_ROOT_CLASS = YES_ERROR;
				CLANG_WARN_QUOTED_INCLUDE_IN_FRAMEWORK_HEADER = YES;
				CLANG_WARN_RANGE_LOOP_ANALYSIS = YES;
				CLANG_WARN_STRICT_PROTOTYPES = YES;
				CLANG_WARN_SUSPICIOUS_MOVE = YES;
				CLANG_WARN_UNGUARDED_AVAILABILITY = YES_AGGRESSIVE;
				CLANG_WARN_UNREACHABLE_CODE = YES;
				CLANG_WARN__DUPLICATE_METHOD_MATCH = YES;
				COPY_PHASE_STRIP = NO;
				DEBUG_INFORMATION_FORMAT = dwarf;
				ENABLE_STRICT_OBJC_MSGSEND = YES;
				ENABLE_TESTABILITY = YES;
				GCC_C_LANGUAGE_STANDARD = gnu11;
				GCC_DYNAMIC_NO_PIC = NO;
				GCC_NO_COMMON_BLOCKS = YES;
				GCC_OPTIMIZATION_LEVEL = 0;
				GCC_PREPROCESSOR_DEFINITIONS = (
					"DEBUG=1",
					"$(inherited)",
				);
				GCC_WARN_64_TO_32_BIT_CONVERSION = YES;
				GCC_WARN_ABOUT_RETURN_TYPE = YES_ERROR;
				GCC_WARN_UNDECLARED_SELECTOR = YES;
				GCC_WARN_UNINITIALIZED_AUTOS = YES_AGGRESSIVE;
				GCC_WARN_UNUSED_FUNCTION = YES;
				GCC_WARN_UNUSED_VARIABLE = YES;
				IPHONEOS_DEPLOYMENT_TARGET = 15.5;
				MTL_ENABLE_DEBUG_INFO = INCLUDE_SOURCE;
				MTL_FAST_MATH = YES;
				ONLY_ACTIVE_ARCH = YES;
				SDKROOT = iphoneos;
				SWIFT_ACTIVE_COMPILATION_CONDITIONS = DEBUG;
				SWIFT_OPTIMIZATION_LEVEL = "-Onone";
			};
			name = Debug;
		};
		84EAD49928CF94AC001ACDB1 /* Release */ = {
			isa = XCBuildConfiguration;
			buildSettings = {
				ALWAYS_SEARCH_USER_PATHS = NO;
				CLANG_ANALYZER_NONNULL = YES;
				CLANG_ANALYZER_NUMBER_OBJECT_CONVERSION = YES_AGGRESSIVE;
				CLANG_CXX_LANGUAGE_STANDARD = "gnu++17";
				CLANG_ENABLE_MODULES = YES;
				CLANG_ENABLE_OBJC_ARC = YES;
				CLANG_ENABLE_OBJC_WEAK = YES;
				CLANG_WARN_BLOCK_CAPTURE_AUTORELEASING = YES;
				CLANG_WARN_BOOL_CONVERSION = YES;
				CLANG_WARN_COMMA = YES;
				CLANG_WARN_CONSTANT_CONVERSION = YES;
				CLANG_WARN_DEPRECATED_OBJC_IMPLEMENTATIONS = YES;
				CLANG_WARN_DIRECT_OBJC_ISA_USAGE = YES_ERROR;
				CLANG_WARN_DOCUMENTATION_COMMENTS = YES;
				CLANG_WARN_EMPTY_BODY = YES;
				CLANG_WARN_ENUM_CONVERSION = YES;
				CLANG_WARN_INFINITE_RECURSION = YES;
				CLANG_WARN_INT_CONVERSION = YES;
				CLANG_WARN_NON_LITERAL_NULL_CONVERSION = YES;
				CLANG_WARN_OBJC_IMPLICIT_RETAIN_SELF = YES;
				CLANG_WARN_OBJC_LITERAL_CONVERSION = YES;
				CLANG_WARN_OBJC_ROOT_CLASS = YES_ERROR;
				CLANG_WARN_QUOTED_INCLUDE_IN_FRAMEWORK_HEADER = YES;
				CLANG_WARN_RANGE_LOOP_ANALYSIS = YES;
				CLANG_WARN_STRICT_PROTOTYPES = YES;
				CLANG_WARN_SUSPICIOUS_MOVE = YES;
				CLANG_WARN_UNGUARDED_AVAILABILITY = YES_AGGRESSIVE;
				CLANG_WARN_UNREACHABLE_CODE = YES;
				CLANG_WARN__DUPLICATE_METHOD_MATCH = YES;
				COPY_PHASE_STRIP = NO;
				DEBUG_INFORMATION_FORMAT = "dwarf-with-dsym";
				ENABLE_NS_ASSERTIONS = NO;
				ENABLE_STRICT_OBJC_MSGSEND = YES;
				GCC_C_LANGUAGE_STANDARD = gnu11;
				GCC_NO_COMMON_BLOCKS = YES;
				GCC_WARN_64_TO_32_BIT_CONVERSION = YES;
				GCC_WARN_ABOUT_RETURN_TYPE = YES_ERROR;
				GCC_WARN_UNDECLARED_SELECTOR = YES;
				GCC_WARN_UNINITIALIZED_AUTOS = YES_AGGRESSIVE;
				GCC_WARN_UNUSED_FUNCTION = YES;
				GCC_WARN_UNUSED_VARIABLE = YES;
				IPHONEOS_DEPLOYMENT_TARGET = 15.5;
				MTL_ENABLE_DEBUG_INFO = NO;
				MTL_FAST_MATH = YES;
				SDKROOT = iphoneos;
				SWIFT_COMPILATION_MODE = wholemodule;
				SWIFT_OPTIMIZATION_LEVEL = "-O";
				VALIDATE_PRODUCT = YES;
			};
			name = Release;
		};
		84EAD49B28CF94AC001ACDB1 /* Debug */ = {
			isa = XCBuildConfiguration;
			buildSettings = {
				ASSETCATALOG_COMPILER_APPICON_NAME = AppIcon;
				ASSETCATALOG_COMPILER_GLOBAL_ACCENT_COLOR_NAME = AccentColor;
				CODE_SIGN_STYLE = Automatic;
				CURRENT_PROJECT_VERSION = 1;
				DEVELOPMENT_TEAM = G29RW88958;
				GENERATE_INFOPLIST_FILE = YES;
				INFOPLIST_FILE = animals/Info.plist;
				INFOPLIST_KEY_UIApplicationSupportsIndirectInputEvents = YES;
				INFOPLIST_KEY_UILaunchStoryboardName = LaunchScreen;
				INFOPLIST_KEY_UIMainStoryboardFile = Main;
				INFOPLIST_KEY_UISupportedInterfaceOrientations_iPad = "UIInterfaceOrientationPortrait UIInterfaceOrientationPortraitUpsideDown UIInterfaceOrientationLandscapeLeft UIInterfaceOrientationLandscapeRight";
				INFOPLIST_KEY_UISupportedInterfaceOrientations_iPhone = "UIInterfaceOrientationPortrait UIInterfaceOrientationLandscapeLeft UIInterfaceOrientationLandscapeRight";
				LD_RUNPATH_SEARCH_PATHS = (
					"$(inherited)",
					"@executable_path/Frameworks",
				);
				MARKETING_VERSION = 1.0;
				PRODUCT_BUNDLE_IDENTIFIER = yurri.animals;
				PRODUCT_NAME = "$(TARGET_NAME)";
				SWIFT_EMIT_LOC_STRINGS = YES;
				SWIFT_VERSION = 5.0;
				TARGETED_DEVICE_FAMILY = "1,2";
			};
			name = Debug;
		};
		84EAD49C28CF94AC001ACDB1 /* Release */ = {
			isa = XCBuildConfiguration;
			buildSettings = {
				ASSETCATALOG_COMPILER_APPICON_NAME = AppIcon;
				ASSETCATALOG_COMPILER_GLOBAL_ACCENT_COLOR_NAME = AccentColor;
				CODE_SIGN_STYLE = Automatic;
				CURRENT_PROJECT_VERSION = 1;
				DEVELOPMENT_TEAM = G29RW88958;
				GENERATE_INFOPLIST_FILE = YES;
				INFOPLIST_FILE = animals/Info.plist;
				INFOPLIST_KEY_UIApplicationSupportsIndirectInputEvents = YES;
				INFOPLIST_KEY_UILaunchStoryboardName = LaunchScreen;
				INFOPLIST_KEY_UIMainStoryboardFile = Main;
				INFOPLIST_KEY_UISupportedInterfaceOrientations_iPad = "UIInterfaceOrientationPortrait UIInterfaceOrientationPortraitUpsideDown UIInterfaceOrientationLandscapeLeft UIInterfaceOrientationLandscapeRight";
				INFOPLIST_KEY_UISupportedInterfaceOrientations_iPhone = "UIInterfaceOrientationPortrait UIInterfaceOrientationLandscapeLeft UIInterfaceOrientationLandscapeRight";
				LD_RUNPATH_SEARCH_PATHS = (
					"$(inherited)",
					"@executable_path/Frameworks",
				);
				MARKETING_VERSION = 1.0;
				PRODUCT_BUNDLE_IDENTIFIER = yurri.animals;
				PRODUCT_NAME = "$(TARGET_NAME)";
				SWIFT_EMIT_LOC_STRINGS = YES;
				SWIFT_VERSION = 5.0;
				TARGETED_DEVICE_FAMILY = "1,2";
			};
			name = Release;
		};
/* End XCBuildConfiguration section */

/* Begin XCConfigurationList section */
		84EAD48128CF94AA001ACDB1 /* Build configuration list for PBXProject "animals" */ = {
			isa = XCConfigurationList;
			buildConfigurations = (
				84EAD49828CF94AC001ACDB1 /* Debug */,
				84EAD49928CF94AC001ACDB1 /* Release */,
			);
			defaultConfigurationIsVisible = 0;
			defaultConfigurationName = Release;
		};
		84EAD49A28CF94AC001ACDB1 /* Build configuration list for PBXNativeTarget "animals" */ = {
			isa = XCConfigurationList;
			buildConfigurations = (
				84EAD49B28CF94AC001ACDB1 /* Debug */,
				84EAD49C28CF94AC001ACDB1 /* Release */,
			);
			defaultConfigurationIsVisible = 0;
			defaultConfigurationName = Release;
		};
/* End XCConfigurationList section */
	};
	rootObject = 84EAD47E28CF94AA001ACDB1 /* Project object */;
}
